// !$*UTF8*$!
{
	archiveVersion = 1;
	classes = {
	};
	objectVersion = 46;
	objects = {

/* Begin PBXBuildFile section */
		8B99B4A419486F9E00D1AEB3 /* Foundation.framework in Frameworks */ = {isa = PBXBuildFile; fileRef = 8B99B4A319486F9E00D1AEB3 /* Foundation.framework */; };
		8B99B4A619486F9E00D1AEB3 /* CoreGraphics.framework in Frameworks */ = {isa = PBXBuildFile; fileRef = 8B99B4A519486F9E00D1AEB3 /* CoreGraphics.framework */; };
		8B99B4A819486F9E00D1AEB3 /* UIKit.framework in Frameworks */ = {isa = PBXBuildFile; fileRef = 8B99B4A719486F9E00D1AEB3 /* UIKit.framework */; };
		8B99B4AE19486F9E00D1AEB3 /* InfoPlist.strings in Resources */ = {isa = PBXBuildFile; fileRef = 8B99B4AC19486F9E00D1AEB3 /* InfoPlist.strings */; };
		8B99B4B019486F9E00D1AEB3 /* main.m in Sources */ = {isa = PBXBuildFile; fileRef = 8B99B4AF19486F9E00D1AEB3 /* main.m */; };
		8B99B4B419486F9E00D1AEB3 /* GTAppDelegate.m in Sources */ = {isa = PBXBuildFile; fileRef = 8B99B4B319486F9E00D1AEB3 /* GTAppDelegate.m */; };
		8B99B4B719486F9E00D1AEB3 /* Main.storyboard in Resources */ = {isa = PBXBuildFile; fileRef = 8B99B4B519486F9E00D1AEB3 /* Main.storyboard */; };
		8B99B4BA19486F9E00D1AEB3 /* GTViewController.m in Sources */ = {isa = PBXBuildFile; fileRef = 8B99B4B919486F9E00D1AEB3 /* GTViewController.m */; };
		8B99B4BC19486F9E00D1AEB3 /* Images.xcassets in Resources */ = {isa = PBXBuildFile; fileRef = 8B99B4BB19486F9E00D1AEB3 /* Images.xcassets */; };
		8B99B4C319486F9E00D1AEB3 /* XCTest.framework in Frameworks */ = {isa = PBXBuildFile; fileRef = 8B99B4C219486F9E00D1AEB3 /* XCTest.framework */; };
		8B99B4C419486F9E00D1AEB3 /* Foundation.framework in Frameworks */ = {isa = PBXBuildFile; fileRef = 8B99B4A319486F9E00D1AEB3 /* Foundation.framework */; };
		8B99B4C519486F9E00D1AEB3 /* UIKit.framework in Frameworks */ = {isa = PBXBuildFile; fileRef = 8B99B4A719486F9E00D1AEB3 /* UIKit.framework */; };
		8B99B4CD19486F9E00D1AEB3 /* InfoPlist.strings in Resources */ = {isa = PBXBuildFile; fileRef = 8B99B4CB19486F9E00D1AEB3 /* InfoPlist.strings */; };
		8B99B4CF19486F9E00D1AEB3 /* GitTestTests.m in Sources */ = {isa = PBXBuildFile; fileRef = 8B99B4CE19486F9E00D1AEB3 /* GitTestTests.m */; };
		8B99B4DA1948739100D1AEB3 /* GTTextField.m in Sources */ = {isa = PBXBuildFile; fileRef = 8B99B4D91948739100D1AEB3 /* GTTextField.m */; };
/* End PBXBuildFile section */

/* Begin PBXContainerItemProxy section */
		8B99B4C619486F9E00D1AEB3 /* PBXContainerItemProxy */ = {
			isa = PBXContainerItemProxy;
			containerPortal = 8B99B49819486F9E00D1AEB3 /* Project object */;
			proxyType = 1;
			remoteGlobalIDString = 8B99B49F19486F9E00D1AEB3;
			remoteInfo = GitTest;
		};
/* End PBXContainerItemProxy section */

/* Begin PBXFileReference section */
		8B99B4A019486F9E00D1AEB3 /* GitTest.app */ = {isa = PBXFileReference; explicitFileType = wrapper.application; includeInIndex = 0; path = GitTest.app; sourceTree = BUILT_PRODUCTS_DIR; };
		8B99B4A319486F9E00D1AEB3 /* Foundation.framework */ = {isa = PBXFileReference; lastKnownFileType = wrapper.framework; name = Foundation.framework; path = System/Library/Frameworks/Foundation.framework; sourceTree = SDKROOT; };
		8B99B4A519486F9E00D1AEB3 /* CoreGraphics.framework */ = {isa = PBXFileReference; lastKnownFileType = wrapper.framework; name = CoreGraphics.framework; path = System/Library/Frameworks/CoreGraphics.framework; sourceTree = SDKROOT; };
		8B99B4A719486F9E00D1AEB3 /* UIKit.framework */ = {isa = PBXFileReference; lastKnownFileType = wrapper.framework; name = UIKit.framework; path = System/Library/Frameworks/UIKit.framework; sourceTree = SDKROOT; };
		8B99B4AB19486F9E00D1AEB3 /* GitTest-Info.plist */ = {isa = PBXFileReference; lastKnownFileType = text.plist.xml; path = "GitTest-Info.plist"; sourceTree = "<group>"; };
		8B99B4AD19486F9E00D1AEB3 /* en */ = {isa = PBXFileReference; lastKnownFileType = text.plist.strings; name = en; path = en.lproj/InfoPlist.strings; sourceTree = "<group>"; };
		8B99B4AF19486F9E00D1AEB3 /* main.m */ = {isa = PBXFileReference; lastKnownFileType = sourcecode.c.objc; path = main.m; sourceTree = "<group>"; };
		8B99B4B119486F9E00D1AEB3 /* GitTest-Prefix.pch */ = {isa = PBXFileReference; lastKnownFileType = sourcecode.c.h; path = "GitTest-Prefix.pch"; sourceTree = "<group>"; };
		8B99B4B219486F9E00D1AEB3 /* GTAppDelegate.h */ = {isa = PBXFileReference; lastKnownFileType = sourcecode.c.h; path = GTAppDelegate.h; sourceTree = "<group>"; };
		8B99B4B319486F9E00D1AEB3 /* GTAppDelegate.m */ = {isa = PBXFileReference; lastKnownFileType = sourcecode.c.objc; path = GTAppDelegate.m; sourceTree = "<group>"; };
		8B99B4B619486F9E00D1AEB3 /* Base */ = {isa = PBXFileReference; lastKnownFileType = file.storyboard; name = Base; path = Base.lproj/Main.storyboard; sourceTree = "<group>"; };
		8B99B4B819486F9E00D1AEB3 /* GTViewController.h */ = {isa = PBXFileReference; lastKnownFileType = sourcecode.c.h; path = GTViewController.h; sourceTree = "<group>"; };
		8B99B4B919486F9E00D1AEB3 /* GTViewController.m */ = {isa = PBXFileReference; lastKnownFileType = sourcecode.c.objc; path = GTViewController.m; sourceTree = "<group>"; };
		8B99B4BB19486F9E00D1AEB3 /* Images.xcassets */ = {isa = PBXFileReference; lastKnownFileType = folder.assetcatalog; path = Images.xcassets; sourceTree = "<group>"; };
		8B99B4C119486F9E00D1AEB3 /* GitTestTests.xctest */ = {isa = PBXFileReference; explicitFileType = wrapper.cfbundle; includeInIndex = 0; path = GitTestTests.xctest; sourceTree = BUILT_PRODUCTS_DIR; };
		8B99B4C219486F9E00D1AEB3 /* XCTest.framework */ = {isa = PBXFileReference; lastKnownFileType = wrapper.framework; name = XCTest.framework; path = Library/Frameworks/XCTest.framework; sourceTree = DEVELOPER_DIR; };
		8B99B4CA19486F9E00D1AEB3 /* GitTestTests-Info.plist */ = {isa = PBXFileReference; lastKnownFileType = text.plist.xml; path = "GitTestTests-Info.plist"; sourceTree = "<group>"; };
		8B99B4CC19486F9E00D1AEB3 /* en */ = {isa = PBXFileReference; lastKnownFileType = text.plist.strings; name = en; path = en.lproj/InfoPlist.strings; sourceTree = "<group>"; };
		8B99B4CE19486F9E00D1AEB3 /* GitTestTests.m */ = {isa = PBXFileReference; lastKnownFileType = sourcecode.c.objc; path = GitTestTests.m; sourceTree = "<group>"; };
		8B99B4D81948739100D1AEB3 /* GTTextField.h */ = {isa = PBXFileReference; fileEncoding = 4; lastKnownFileType = sourcecode.c.h; path = GTTextField.h; sourceTree = "<group>"; };
		8B99B4D91948739100D1AEB3 /* GTTextField.m */ = {isa = PBXFileReference; fileEncoding = 4; lastKnownFileType = sourcecode.c.objc; path = GTTextField.m; sourceTree = "<group>"; };
/* End PBXFileReference section */

/* Begin PBXFrameworksBuildPhase section */
		8B99B49D19486F9E00D1AEB3 /* Frameworks */ = {
			isa = PBXFrameworksBuildPhase;
			buildActionMask = 2147483647;
			files = (
				8B99B4A619486F9E00D1AEB3 /* CoreGraphics.framework in Frameworks */,
				8B99B4A819486F9E00D1AEB3 /* UIKit.framework in Frameworks */,
				8B99B4A419486F9E00D1AEB3 /* Foundation.framework in Frameworks */,
			);
			runOnlyForDeploymentPostprocessing = 0;
		};
		8B99B4BE19486F9E00D1AEB3 /* Frameworks */ = {
			isa = PBXFrameworksBuildPhase;
			buildActionMask = 2147483647;
			files = (
				8B99B4C319486F9E00D1AEB3 /* XCTest.framework in Frameworks */,
				8B99B4C519486F9E00D1AEB3 /* UIKit.framework in Frameworks */,
				8B99B4C419486F9E00D1AEB3 /* Foundation.framework in Frameworks */,
			);
			runOnlyForDeploymentPostprocessing = 0;
		};
/* End PBXFrameworksBuildPhase section */

/* Begin PBXGroup section */
		8B99B49719486F9E00D1AEB3 = {
			isa = PBXGroup;
			children = (
				8B99B4A919486F9E00D1AEB3 /* GitTest */,
				8B99B4C819486F9E00D1AEB3 /* GitTestTests */,
				8B99B4A219486F9E00D1AEB3 /* Frameworks */,
				8B99B4A119486F9E00D1AEB3 /* Products */,
			);
			sourceTree = "<group>";
		};
		8B99B4A119486F9E00D1AEB3 /* Products */ = {
			isa = PBXGroup;
			children = (
				8B99B4A019486F9E00D1AEB3 /* GitTest.app */,
				8B99B4C119486F9E00D1AEB3 /* GitTestTests.xctest */,
			);
			name = Products;
			sourceTree = "<group>";
		};
		8B99B4A219486F9E00D1AEB3 /* Frameworks */ = {
			isa = PBXGroup;
			children = (
				8B99B4A319486F9E00D1AEB3 /* Foundation.framework */,
				8B99B4A519486F9E00D1AEB3 /* CoreGraphics.framework */,
				8B99B4A719486F9E00D1AEB3 /* UIKit.framework */,
				8B99B4C219486F9E00D1AEB3 /* XCTest.framework */,
			);
			name = Frameworks;
			sourceTree = "<group>";
		};
		8B99B4A919486F9E00D1AEB3 /* GitTest */ = {
			isa = PBXGroup;
			children = (
				8B99B4B219486F9E00D1AEB3 /* GTAppDelegate.h */,
				8B99B4B319486F9E00D1AEB3 /* GTAppDelegate.m */,
				8B99B4B519486F9E00D1AEB3 /* Main.storyboard */,
				8B99B4D81948739100D1AEB3 /* GTTextField.h */,
				8B99B4D91948739100D1AEB3 /* GTTextField.m */,
				8B99B4B819486F9E00D1AEB3 /* GTViewController.h */,
				8B99B4B919486F9E00D1AEB3 /* GTViewController.m */,
				8B99B4BB19486F9E00D1AEB3 /* Images.xcassets */,
				8B99B4AA19486F9E00D1AEB3 /* Supporting Files */,
			);
			path = GitTest;
			sourceTree = "<group>";
		};
		8B99B4AA19486F9E00D1AEB3 /* Supporting Files */ = {
			isa = PBXGroup;
			children = (
				8B99B4AB19486F9E00D1AEB3 /* GitTest-Info.plist */,
				8B99B4AC19486F9E00D1AEB3 /* InfoPlist.strings */,
				8B99B4AF19486F9E00D1AEB3 /* main.m */,
				8B99B4B119486F9E00D1AEB3 /* GitTest-Prefix.pch */,
			);
			name = "Supporting Files";
			sourceTree = "<group>";
		};
		8B99B4C819486F9E00D1AEB3 /* GitTestTests */ = {
			isa = PBXGroup;
			children = (
				8B99B4CE19486F9E00D1AEB3 /* GitTestTests.m */,
				8B99B4C919486F9E00D1AEB3 /* Supporting Files */,
			);
			path = GitTestTests;
			sourceTree = "<group>";
		};
		8B99B4C919486F9E00D1AEB3 /* Supporting Files */ = {
			isa = PBXGroup;
			children = (
				8B99B4CA19486F9E00D1AEB3 /* GitTestTests-Info.plist */,
				8B99B4CB19486F9E00D1AEB3 /* InfoPlist.strings */,
			);
			name = "Supporting Files";
			sourceTree = "<group>";
		};
/* End PBXGroup section */

/* Begin PBXNativeTarget section */
		8B99B49F19486F9E00D1AEB3 /* GitTest */ = {
			isa = PBXNativeTarget;
			buildConfigurationList = 8B99B4D219486F9E00D1AEB3 /* Build configuration list for PBXNativeTarget "GitTest" */;
			buildPhases = (
				8B99B49C19486F9E00D1AEB3 /* Sources */,
				8B99B49D19486F9E00D1AEB3 /* Frameworks */,
				8B99B49E19486F9E00D1AEB3 /* Resources */,
			);
			buildRules = (
			);
			dependencies = (
			);
			name = GitTest;
			productName = GitTest;
			productReference = 8B99B4A019486F9E00D1AEB3 /* GitTest.app */;
			productType = "com.apple.product-type.application";
		};
		8B99B4C019486F9E00D1AEB3 /* GitTestTests */ = {
			isa = PBXNativeTarget;
			buildConfigurationList = 8B99B4D519486F9E00D1AEB3 /* Build configuration list for PBXNativeTarget "GitTestTests" */;
			buildPhases = (
				8B99B4BD19486F9E00D1AEB3 /* Sources */,
				8B99B4BE19486F9E00D1AEB3 /* Frameworks */,
				8B99B4BF19486F9E00D1AEB3 /* Resources */,
			);
			buildRules = (
			);
			dependencies = (
				8B99B4C719486F9E00D1AEB3 /* PBXTargetDependency */,
			);
			name = GitTestTests;
			productName = GitTestTests;
			productReference = 8B99B4C119486F9E00D1AEB3 /* GitTestTests.xctest */;
			productType = "com.apple.product-type.bundle.unit-test";
		};
/* End PBXNativeTarget section */

/* Begin PBXProject section */
		8B99B49819486F9E00D1AEB3 /* Project object */ = {
			isa = PBXProject;
			attributes = {
				CLASSPREFIX = GT;
				LastUpgradeCheck = 0510;
				ORGANIZATIONNAME = developer;
				TargetAttributes = {
					8B99B4C019486F9E00D1AEB3 = {
						TestTargetID = 8B99B49F19486F9E00D1AEB3;
					};
				};
			};
			buildConfigurationList = 8B99B49B19486F9E00D1AEB3 /* Build configuration list for PBXProject "GitTest" */;
			compatibilityVersion = "Xcode 3.2";
			developmentRegion = English;
			hasScannedForEncodings = 0;
			knownRegions = (
				en,
				Base,
			);
			mainGroup = 8B99B49719486F9E00D1AEB3;
			productRefGroup = 8B99B4A119486F9E00D1AEB3 /* Products */;
			projectDirPath = "";
			projectRoot = "";
			targets = (
				8B99B49F19486F9E00D1AEB3 /* GitTest */,
				8B99B4C019486F9E00D1AEB3 /* GitTestTests */,
			);
		};
/* End PBXProject section */

/* Begin PBXResourcesBuildPhase section */
		8B99B49E19486F9E00D1AEB3 /* Resources */ = {
			isa = PBXResourcesBuildPhase;
			buildActionMask = 2147483647;
			files = (
				8B99B4BC19486F9E00D1AEB3 /* Images.xcassets in Resources */,
				8B99B4AE19486F9E00D1AEB3 /* InfoPlist.strings in Resources */,
				8B99B4B719486F9E00D1AEB3 /* Main.storyboard in Resources */,
			);
			runOnlyForDeploymentPostprocessing = 0;
		};
		8B99B4BF19486F9E00D1AEB3 /* Resources */ = {
			isa = PBXResourcesBuildPhase;
			buildActionMask = 2147483647;
			files = (
				8B99B4CD19486F9E00D1AEB3 /* InfoPlist.strings in Resources */,
			);
			runOnlyForDeploymentPostprocessing = 0;
		};
/* End PBXResourcesBuildPhase section */

/* Begin PBXSourcesBuildPhase section */
		8B99B49C19486F9E00D1AEB3 /* Sources */ = {
			isa = PBXSourcesBuildPhase;
			buildActionMask = 2147483647;
			files = (
				8B99B4DA1948739100D1AEB3 /* GTTextField.m in Sources */,
				8B99B4B019486F9E00D1AEB3 /* main.m in Sources */,
				8B99B4BA19486F9E00D1AEB3 /* GTViewController.m in Sources */,
				8B99B4B419486F9E00D1AEB3 /* GTAppDelegate.m in Sources */,
			);
			runOnlyForDeploymentPostprocessing = 0;
		};
		8B99B4BD19486F9E00D1AEB3 /* Sources */ = {
			isa = PBXSourcesBuildPhase;
			buildActionMask = 2147483647;
			files = (
				8B99B4CF19486F9E00D1AEB3 /* GitTestTests.m in Sources */,
			);
			runOnlyForDeploymentPostprocessing = 0;
		};
/* End PBXSourcesBuildPhase section */

/* Begin PBXTargetDependency section */
		8B99B4C719486F9E00D1AEB3 /* PBXTargetDependency */ = {
			isa = PBXTargetDependency;
			target = 8B99B49F19486F9E00D1AEB3 /* GitTest */;
			targetProxy = 8B99B4C619486F9E00D1AEB3 /* PBXContainerItemProxy */;
		};
/* End PBXTargetDependency section */

/* Begin PBXVariantGroup section */
		8B99B4AC19486F9E00D1AEB3 /* InfoPlist.strings */ = {
			isa = PBXVariantGroup;
			children = (
				8B99B4AD19486F9E00D1AEB3 /* en */,
			);
			name = InfoPlist.strings;
			sourceTree = "<group>";
		};
		8B99B4B519486F9E00D1AEB3 /* Main.storyboard */ = {
			isa = PBXVariantGroup;
			children = (
				8B99B4B619486F9E00D1AEB3 /* Base */,
			);
			name = Main.storyboard;
			sourceTree = "<group>";
		};
		8B99B4CB19486F9E00D1AEB3 /* InfoPlist.strings */ = {
			isa = PBXVariantGroup;
			children = (
				8B99B4CC19486F9E00D1AEB3 /* en */,
			);
			name = InfoPlist.strings;
			sourceTree = "<group>";
		};
/* End PBXVariantGroup section */

/* Begin XCBuildConfiguration section */
		8B99B4D019486F9E00D1AEB3 /* Debug */ = {
			isa = XCBuildConfiguration;
			buildSettings = {
				ALWAYS_SEARCH_USER_PATHS = NO;
				CLANG_CXX_LANGUAGE_STANDARD = "gnu++0x";
				CLANG_CXX_LIBRARY = "libc++";
				CLANG_ENABLE_MODULES = YES;
				CLANG_ENABLE_OBJC_ARC = YES;
				CLANG_WARN_BOOL_CONVERSION = YES;
				CLANG_WARN_CONSTANT_CONVERSION = YES;
				CLANG_WARN_DIRECT_OBJC_ISA_USAGE = YES_ERROR;
				CLANG_WARN_EMPTY_BODY = YES;
				CLANG_WARN_ENUM_CONVERSION = YES;
				CLANG_WARN_INT_CONVERSION = YES;
				CLANG_WARN_OBJC_ROOT_CLASS = YES_ERROR;
				CLANG_WARN__DUPLICATE_METHOD_MATCH = YES;
				"CODE_SIGN_IDENTITY[sdk=iphoneos*]" = "iPhone Developer";
				COPY_PHASE_STRIP = NO;
				GCC_C_LANGUAGE_STANDARD = gnu99;
				GCC_DYNAMIC_NO_PIC = NO;
				GCC_OPTIMIZATION_LEVEL = 0;
				GCC_PREPROCESSOR_DEFINITIONS = (
					"DEBUG=1",
					"$(inherited)",
				);
				GCC_SYMBOLS_PRIVATE_EXTERN = NO;
				GCC_WARN_64_TO_32_BIT_CONVERSION = YES;
				GCC_WARN_ABOUT_RETURN_TYPE = YES_ERROR;
				GCC_WARN_UNDECLARED_SELECTOR = YES;
				GCC_WARN_UNINITIALIZED_AUTOS = YES_AGGRESSIVE;
				GCC_WARN_UNUSED_FUNCTION = YES;
				GCC_WARN_UNUSED_VARIABLE = YES;
				IPHONEOS_DEPLOYMENT_TARGET = 7.1;
				ONLY_ACTIVE_ARCH = YES;
				SDKROOT = iphoneos;
			};
			name = Debug;
		};
		8B99B4D119486F9E00D1AEB3 /* Release */ = {
			isa = XCBuildConfiguration;
			buildSettings = {
				ALWAYS_SEARCH_USER_PATHS = NO;
				CLANG_CXX_LANGUAGE_STANDARD = "gnu++0x";
				CLANG_CXX_LIBRARY = "libc++";
				CLANG_ENABLE_MODULES = YES;
				CLANG_ENABLE_OBJC_ARC = YES;
				CLANG_WARN_BOOL_CONVERSION = YES;
				CLANG_WARN_CONSTANT_CONVERSION = YES;
				CLANG_WARN_DIRECT_OBJC_ISA_USAGE = YES_ERROR;
				CLANG_WARN_EMPTY_BODY = YES;
				CLANG_WARN_ENUM_CONVERSION = YES;
				CLANG_WARN_INT_CONVERSION = YES;
				CLANG_WARN_OBJC_ROOT_CLASS = YES_ERROR;
				CLANG_WARN__DUPLICATE_METHOD_MATCH = YES;
				"CODE_SIGN_IDENTITY[sdk=iphoneos*]" = "iPhone Developer";
				COPY_PHASE_STRIP = YES;
				ENABLE_NS_ASSERTIONS = NO;
				GCC_C_LANGUAGE_STANDARD = gnu99;
				GCC_WARN_64_TO_32_BIT_CONVERSION = YES;
				GCC_WARN_ABOUT_RETURN_TYPE = YES_ERROR;
				GCC_WARN_UNDECLARED_SELECTOR = YES;
				GCC_WARN_UNINITIALIZED_AUTOS = YES_AGGRESSIVE;
				GCC_WARN_UNUSED_FUNCTION = YES;
				GCC_WARN_UNUSED_VARIABLE = YES;
				IPHONEOS_DEPLOYMENT_TARGET = 7.1;
				SDKROOT = iphoneos;
				VALIDATE_PRODUCT = YES;
			};
			name = Release;
		};
		8B99B4D319486F9E00D1AEB3 /* Debug */ = {
			isa = XCBuildConfiguration;
			buildSettings = {
				ASSETCATALOG_COMPILER_APPICON_NAME = AppIcon;
				ASSETCATALOG_COMPILER_LAUNCHIMAGE_NAME = LaunchImage;
				CODE_SIGN_IDENTITY = "iPhone Developer";
				GCC_PRECOMPILE_PREFIX_HEADER = YES;
				GCC_PREFIX_HEADER = "GitTest/GitTest-Prefix.pch";
				INFOPLIST_FILE = "GitTest/GitTest-Info.plist";
				PRODUCT_NAME = "$(TARGET_NAME)";
				WRAPPER_EXTENSION = app;
			};
			name = Debug;
		};
		8B99B4D419486F9E00D1AEB3 /* Release */ = {
			isa = XCBuildConfiguration;
			buildSettings = {
				ASSETCATALOG_COMPILER_APPICON_NAME = AppIcon;
				ASSETCATALOG_COMPILER_LAUNCHIMAGE_NAME = LaunchImage;
				CODE_SIGN_IDENTITY = "iPhone Developer";
				GCC_PRECOMPILE_PREFIX_HEADER = YES;
				GCC_PREFIX_HEADER = "GitTest/GitTest-Prefix.pch";
				INFOPLIST_FILE = "GitTest/GitTest-Info.plist";
				PRODUCT_NAME = "$(TARGET_NAME)";
				WRAPPER_EXTENSION = app;
			};
			name = Release;
		};
		8B99B4D619486F9E00D1AEB3 /* Debug */ = {
			isa = XCBuildConfiguration;
			buildSettings = {
				BUNDLE_LOADER = "$(BUILT_PRODUCTS_DIR)/GitTest.app/GitTest";
				FRAMEWORK_SEARCH_PATHS = (
					"$(SDKROOT)/Developer/Library/Frameworks",
					"$(inherited)",
					"$(DEVELOPER_FRAMEWORKS_DIR)",
				);
				GCC_PRECOMPILE_PREFIX_HEADER = YES;
				GCC_PREFIX_HEADER = "GitTest/GitTest-Prefix.pch";
				GCC_PREPROCESSOR_DEFINITIONS = (
					"DEBUG=1",
					"$(inherited)",
				);
				INFOPLIST_FILE = "GitTestTests/GitTestTests-Info.plist";
				PRODUCT_NAME = "$(TARGET_NAME)";
				TEST_HOST = "$(BUNDLE_LOADER)";
				WRAPPER_EXTENSION = xctest;
			};
			name = Debug;
		};
		8B99B4D719486F9E00D1AEB3 /* Release */ = {
			isa = XCBuildConfiguration;
			buildSettings = {
				BUNDLE_LOADER = "$(BUILT_PRODUCTS_DIR)/GitTest.app/GitTest";
				FRAMEWORK_SEARCH_PATHS = (
					"$(SDKROOT)/Developer/Library/Frameworks",
					"$(inherited)",
					"$(DEVELOPER_FRAMEWORKS_DIR)",
				);
				GCC_PRECOMPILE_PREFIX_HEADER = YES;
				GCC_PREFIX_HEADER = "GitTest/GitTest-Prefix.pch";
				INFOPLIST_FILE = "GitTestTests/GitTestTests-Info.plist";
				PRODUCT_NAME = "$(TARGET_NAME)";
				TEST_HOST = "$(BUNDLE_LOADER)";
				WRAPPER_EXTENSION = xctest;
			};
			name = Release;
		};
/* End XCBuildConfiguration section */

/* Begin XCConfigurationList section */
		8B99B49B19486F9E00D1AEB3 /* Build configuration list for PBXProject "GitTest" */ = {
			isa = XCConfigurationList;
			buildConfigurations = (
				8B99B4D019486F9E00D1AEB3 /* Debug */,
				8B99B4D119486F9E00D1AEB3 /* Release */,
			);
			defaultConfigurationIsVisible = 0;
			defaultConfigurationName = Release;
		};
		8B99B4D219486F9E00D1AEB3 /* Build configuration list for PBXNativeTarget "GitTest" */ = {
			isa = XCConfigurationList;
			buildConfigurations = (
				8B99B4D319486F9E00D1AEB3 /* Debug */,
				8B99B4D419486F9E00D1AEB3 /* Release */,
			);
			defaultConfigurationIsVisible = 0;
			defaultConfigurationName = Release;
		};
		8B99B4D519486F9E00D1AEB3 /* Build configuration list for PBXNativeTarget "GitTestTests" */ = {
			isa = XCConfigurationList;
			buildConfigurations = (
				8B99B4D619486F9E00D1AEB3 /* Debug */,
				8B99B4D719486F9E00D1AEB3 /* Release */,
			);
			defaultConfigurationIsVisible = 0;
			defaultConfigurationName = Release;
		};
/* End XCConfigurationList section */
	};
	rootObject = 8B99B49819486F9E00D1AEB3 /* Project object */;
}
